
Microsoft Visual Studio Solution File, Format Version 12.00
# Visual Studio Version 17
VisualStudioVersion = 17.14.36511.14 d17.14
MinimumVisualStudioVersion = 10.0.40219.1
Project("{FAE04EC0-301F-11D3-BF4B-00C04F79EFBC}") = "SQL_THTRUEMART", "SQL_THTRUEMART.csproj", "{207D49F8-AFDF-4F99-9CFE-1B222CB2E9BE}"
EndProject
Global
	GlobalSection(SolutionConfigurationPlatforms) = preSolution
		Debug|Any CPU = Debug|Any CPU
		Release|Any CPU = Release|Any CPU
	EndGlobalSection
	GlobalSection(ProjectConfigurationPlatforms) = postSolution
		{207D49F8-AFDF-4F99-9CFE-1B222CB2E9BE}.Debug|Any CPU.ActiveCfg = Debug|Any CPU
		{207D49F8-AFDF-4F99-9CFE-1B222CB2E9BE}.Debug|Any CPU.Build.0 = Debug|Any CPU
		{207D49F8-AFDF-4F99-9CFE-1B222CB2E9BE}.Release|Any CPU.ActiveCfg = Release|Any CPU
		{207D49F8-AFDF-4F99-9CFE-1B222CB2E9BE}.Release|Any CPU.Build.0 = Release|Any CPU
	EndGlobalSection
	GlobalSection(SolutionProperties) = preSolution
		HideSolutionNode = FALSE
	EndGlobalSection
	GlobalSection(ExtensibilityGlobals) = postSolution
		SolutionGuid = {27CB0570-868F-4BDC-B17C-6396DC38D1A6}
	EndGlobalSection
EndGlobal
